
Microsoft Visual Studio Solution File, Format Version 12.00
# Visual Studio Version 17
VisualStudioVersion = 17.7.34031.279
MinimumVisualStudioVersion = 10.0.40219.1
Project("{FAE04EC0-301F-11D3-BF4B-00C04F79EFBC}") = "puissance4POO", "puissance4POO.csproj", "{0A9194F8-7F33-4ACC-965D-4BA4FA5FFBEF}"
EndProject
Global
	GlobalSection(SolutionConfigurationPlatforms) = preSolution
		Debug|Any CPU = Debug|Any CPU
		Release|Any CPU = Release|Any CPU
	EndGlobalSection
	GlobalSection(ProjectConfigurationPlatforms) = postSolution
		{0A9194F8-7F33-4ACC-965D-4BA4FA5FFBEF}.Debug|Any CPU.ActiveCfg = Debug|Any CPU
		{0A9194F8-7F33-4ACC-965D-4BA4FA5FFBEF}.Debug|Any CPU.Build.0 = Debug|Any CPU
		{0A9194F8-7F33-4ACC-965D-4BA4FA5FFBEF}.Release|Any CPU.ActiveCfg = Release|Any CPU
		{0A9194F8-7F33-4ACC-965D-4BA4FA5FFBEF}.Release|Any CPU.Build.0 = Release|Any CPU
	EndGlobalSection
	GlobalSection(SolutionProperties) = preSolution
		HideSolutionNode = FALSE
	EndGlobalSection
	GlobalSection(ExtensibilityGlobals) = postSolution
		SolutionGuid = {21EB3C2E-E56F-4B88-B892-EAB27DF2037E}
	EndGlobalSection
EndGlobal
